
Microsoft Visual Studio Solution File, Format Version 12.00
# Visual Studio Version 16
VisualStudioVersion = 16.0.32510.428
MinimumVisualStudioVersion = 10.0.40219.1
Project("{9A19103F-16F7-4668-BE54-9A1E7A4F7556}") = "hotelApp", "hotelApp\hotelApp.csproj", "{7FFC8D6F-E03C-48CE-B154-295DF4BDBB9D}"
EndProject
Project("{FAE04EC0-301F-11D3-BF4B-00C04F79EFBC}") = "Entity", "Entity\Entity.csproj", "{110FDF3C-E3CB-403F-B979-46B8DD278FA4}"
EndProject
Project("{FAE04EC0-301F-11D3-BF4B-00C04F79EFBC}") = "DataAccess", "DataAccess\DataAccess.csproj", "{4AD01426-DD7C-4037-B821-936FBFFE3801}"
EndProject
Project("{FAE04EC0-301F-11D3-BF4B-00C04F79EFBC}") = "Core", "Core\Core.csproj", "{D54FB016-0C61-4497-B377-C95DD8C51ADF}"
EndProject
Global
	GlobalSection(SolutionConfigurationPlatforms) = preSolution
		Debug|Any CPU = Debug|Any CPU
		Release|Any CPU = Release|Any CPU
	EndGlobalSection
	GlobalSection(ProjectConfigurationPlatforms) = postSolution
		{7FFC8D6F-E03C-48CE-B154-295DF4BDBB9D}.Debug|Any CPU.ActiveCfg = Debug|Any CPU
		{7FFC8D6F-E03C-48CE-B154-295DF4BDBB9D}.Debug|Any CPU.Build.0 = Debug|Any CPU
		{7FFC8D6F-E03C-48CE-B154-295DF4BDBB9D}.Release|Any CPU.ActiveCfg = Release|Any CPU
		{7FFC8D6F-E03C-48CE-B154-295DF4BDBB9D}.Release|Any CPU.Build.0 = Release|Any CPU
		{110FDF3C-E3CB-403F-B979-46B8DD278FA4}.Debug|Any CPU.ActiveCfg = Debug|Any CPU
		{110FDF3C-E3CB-403F-B979-46B8DD278FA4}.Debug|Any CPU.Build.0 = Debug|Any CPU
		{110FDF3C-E3CB-403F-B979-46B8DD278FA4}.Release|Any CPU.ActiveCfg = Release|Any CPU
		{110FDF3C-E3CB-403F-B979-46B8DD278FA4}.Release|Any CPU.Build.0 = Release|Any CPU
		{4AD01426-DD7C-4037-B821-936FBFFE3801}.Debug|Any CPU.ActiveCfg = Debug|Any CPU
		{4AD01426-DD7C-4037-B821-936FBFFE3801}.Debug|Any CPU.Build.0 = Debug|Any CPU
		{4AD01426-DD7C-4037-B821-936FBFFE3801}.Release|Any CPU.ActiveCfg = Release|Any CPU
		{4AD01426-DD7C-4037-B821-936FBFFE3801}.Release|Any CPU.Build.0 = Release|Any CPU
		{D54FB016-0C61-4497-B377-C95DD8C51ADF}.Debug|Any CPU.ActiveCfg = Debug|Any CPU
		{D54FB016-0C61-4497-B377-C95DD8C51ADF}.Debug|Any CPU.Build.0 = Debug|Any CPU
		{D54FB016-0C61-4497-B377-C95DD8C51ADF}.Release|Any CPU.ActiveCfg = Release|Any CPU
		{D54FB016-0C61-4497-B377-C95DD8C51ADF}.Release|Any CPU.Build.0 = Release|Any CPU
	EndGlobalSection
	GlobalSection(SolutionProperties) = preSolution
		HideSolutionNode = FALSE
	EndGlobalSection
	GlobalSection(ExtensibilityGlobals) = postSolution
		SolutionGuid = {86F48430-3136-44C4-9583-5EBA33AB533B}
	EndGlobalSection
EndGlobal
